// !$*UTF8*$!
{
	archiveVersion = 1;
	classes = {
	};
	objectVersion = 90;
	objects = {

/* Begin PBXBuildFile section */
		84E8226E2F34328200CB3F2B /* SettingsKit in Frameworks */ = {isa = PBXBuildFile; productRef = 84E8226D2F34328200CB3F2B /* SettingsKit */; };
		84E822712F3432D600CB3F2B /* PortalHeaders in Frameworks */ = {isa = PBXBuildFile; productRef = 84E822702F3432D600CB3F2B /* PortalHeaders */; };
		84E822732F3432D600CB3F2B /* PortalTransitions in Frameworks */ = {isa = PBXBuildFile; productRef = 84E822722F3432D600CB3F2B /* PortalTransitions */; };
		84E822752F3432D600CB3F2B /* _PortalPrivate in Frameworks */ = {isa = PBXBuildFile; productRef = 84E822742F3432D600CB3F2B /* _PortalPrivate */; };
		84E822782F34331800CB3F2B /* Loupe in Frameworks */ = {isa = PBXBuildFile; productRef = 84E822772F34331800CB3F2B /* Loupe */; };
		84E8227B2F34340800CB3F2B /* UniversalOverlays in Frameworks */ = {isa = PBXBuildFile; productRef = 84E8227A2F34340800CB3F2B /* UniversalOverlays */; };
		84E8227E2F34344200CB3F2B /* AdaptiveDimensions in Frameworks */ = {isa = PBXBuildFile; productRef = 84E8227D2F34344200CB3F2B /* AdaptiveDimensions */; };
/* End PBXBuildFile section */

/* Begin PBXContainerItemProxy section */
		84E81E9C2F2E782100CB3F2B /* PBXContainerItemProxy */ = {
			isa = PBXContainerItemProxy;
			containerPortal = 84E81E862F2E77FA00CB3F2B /* Project object */;
			proxyType = 1;
			remoteGlobalIDString = 84E81E8D2F2E77FA00CB3F2B;
			remoteInfo = Turbine;
		};
		84E81EA62F2E782100CB3F2B /* PBXContainerItemProxy */ = {
			isa = PBXContainerItemProxy;
			containerPortal = 84E81E862F2E77FA00CB3F2B /* Project object */;
			proxyType = 1;
			remoteGlobalIDString = 84E81E8D2F2E77FA00CB3F2B;
			remoteInfo = Turbine;
		};
/* End PBXContainerItemProxy section */

/* Begin PBXFileReference section */
		84E81E8E2F2E77FA00CB3F2B /* Turbine.app */ = {isa = PBXFileReference; explicitFileType = wrapper.application; includeInIndex = 0; path = Turbine.app; sourceTree = BUILT_PRODUCTS_DIR; };
		84E81E9B2F2E782100CB3F2B /* TurbineTests.xctest */ = {isa = PBXFileReference; explicitFileType = wrapper.cfbundle; includeInIndex = 0; path = TurbineTests.xctest; sourceTree = BUILT_PRODUCTS_DIR; };
		84E81EA52F2E782100CB3F2B /* TurbineUITests.xctest */ = {isa = PBXFileReference; explicitFileType = wrapper.cfbundle; includeInIndex = 0; path = TurbineUITests.xctest; sourceTree = BUILT_PRODUCTS_DIR; };
/* End PBXFileReference section */

/* Begin PBXFileSystemSynchronizedRootGroup section */
		84E81E902F2E77FA00CB3F2B /* Turbine */ = {
			isa = PBXFileSystemSynchronizedRootGroup;
			path = Turbine;
			sourceTree = "<group>";
		};
		84E81E9E2F2E782100CB3F2B /* TurbineTests */ = {
			isa = PBXFileSystemSynchronizedRootGroup;
			path = TurbineTests;
			sourceTree = "<group>";
		};
		84E81EA82F2E782100CB3F2B /* TurbineUITests */ = {
			isa = PBXFileSystemSynchronizedRootGroup;
			path = TurbineUITests;
			sourceTree = "<group>";
		};
/* End PBXFileSystemSynchronizedRootGroup section */

/* Begin PBXFrameworksBuildPhase section */
		84E81E8B2F2E77FA00CB3F2B /* Frameworks */ = {
			isa = PBXFrameworksBuildPhase;
			files = (
				84E822732F3432D600CB3F2B /* PortalTransitions in Frameworks */,
				84E822782F34331800CB3F2B /* Loupe in Frameworks */,
				84E8226E2F34328200CB3F2B /* SettingsKit in Frameworks */,
				84E8227E2F34344200CB3F2B /* AdaptiveDimensions in Frameworks */,
				84E8227B2F34340800CB3F2B /* UniversalOverlays in Frameworks */,
				84E822752F3432D600CB3F2B /* _PortalPrivate in Frameworks */,
				84E822712F3432D600CB3F2B /* PortalHeaders in Frameworks */,
			);
		};
		84E81E982F2E782100CB3F2B /* Frameworks */ = {
			isa = PBXFrameworksBuildPhase;
			files = (
			);
		};
		84E81EA22F2E782100CB3F2B /* Frameworks */ = {
			isa = PBXFrameworksBuildPhase;
			files = (
			);
		};
/* End PBXFrameworksBuildPhase section */

/* Begin PBXGroup section */
		84E81E852F2E77FA00CB3F2B = {
			isa = PBXGroup;
			children = (
				84E81E902F2E77FA00CB3F2B /* Turbine */,
				84E81E9E2F2E782100CB3F2B /* TurbineTests */,
				84E81EA82F2E782100CB3F2B /* TurbineUITests */,
				84E81E8F2F2E77FA00CB3F2B /* Products */,
			);
			sourceTree = "<group>";
		};
		84E81E8F2F2E77FA00CB3F2B /* Products */ = {
			isa = PBXGroup;
			children = (
				84E81E8E2F2E77FA00CB3F2B /* Turbine.app */,
				84E81E9B2F2E782100CB3F2B /* TurbineTests.xctest */,
				84E81EA52F2E782100CB3F2B /* TurbineUITests.xctest */,
			);
			name = Products;
			sourceTree = "<group>";
		};
/* End PBXGroup section */

/* Begin PBXNativeTarget section */
		84E81E8D2F2E77FA00CB3F2B /* Turbine */ = {
			isa = PBXNativeTarget;
			buildConfigurationList = 84E81EAF2F2E782100CB3F2B /* Build configuration list for PBXNativeTarget "Turbine" */;
			buildPhases = (
				84E81E8A2F2E77FA00CB3F2B /* Sources */,
				84E81E8B2F2E77FA00CB3F2B /* Frameworks */,
				84E81E8C2F2E77FA00CB3F2B /* Resources */,
			);
			buildRules = (
			);
			fileSystemSynchronizedGroups = (
				84E81E902F2E77FA00CB3F2B /* Turbine */,
			);
			name = Turbine;
			packageProductDependencies = (
				84E8226D2F34328200CB3F2B /* SettingsKit */,
				84E822702F3432D600CB3F2B /* PortalHeaders */,
				84E822722F3432D600CB3F2B /* PortalTransitions */,
				84E822742F3432D600CB3F2B /* _PortalPrivate */,
				84E822772F34331800CB3F2B /* Loupe */,
				84E8227A2F34340800CB3F2B /* UniversalOverlays */,
				84E8227D2F34344200CB3F2B /* AdaptiveDimensions */,
			);
			productName = Turbine;
			productReference = 84E81E8E2F2E77FA00CB3F2B /* Turbine.app */;
			productType = "com.apple.product-type.application";
		};
		84E81E9A2F2E782100CB3F2B /* TurbineTests */ = {
			isa = PBXNativeTarget;
			buildConfigurationList = 84E81EB22F2E782100CB3F2B /* Build configuration list for PBXNativeTarget "TurbineTests" */;
			buildPhases = (
				84E81E972F2E782100CB3F2B /* Sources */,
				84E81E982F2E782100CB3F2B /* Frameworks */,
				84E81E992F2E782100CB3F2B /* Resources */,
			);
			buildRules = (
			);
			dependencies = (
				84E81E9D2F2E782100CB3F2B /* PBXTargetDependency */,
			);
			fileSystemSynchronizedGroups = (
				84E81E9E2F2E782100CB3F2B /* TurbineTests */,
			);
			name = TurbineTests;
			productName = TurbineTests;
			productReference = 84E81E9B2F2E782100CB3F2B /* TurbineTests.xctest */;
			productType = "com.apple.product-type.bundle.unit-test";
		};
		84E81EA42F2E782100CB3F2B /* TurbineUITests */ = {
			isa = PBXNativeTarget;
			buildConfigurationList = 84E81EB52F2E782100CB3F2B /* Build configuration list for PBXNativeTarget "TurbineUITests" */;
			buildPhases = (
				84E81EA12F2E782100CB3F2B /* Sources */,
				84E81EA22F2E782100CB3F2B /* Frameworks */,
				84E81EA32F2E782100CB3F2B /* Resources */,
			);
			buildRules = (
			);
			dependencies = (
				84E81EA72F2E782100CB3F2B /* PBXTargetDependency */,
			);
			fileSystemSynchronizedGroups = (
				84E81EA82F2E782100CB3F2B /* TurbineUITests */,
			);
			name = TurbineUITests;
			productName = TurbineUITests;
			productReference = 84E81EA52F2E782100CB3F2B /* TurbineUITests.xctest */;
			productType = "com.apple.product-type.bundle.ui-testing";
		};
/* End PBXNativeTarget section */

/* Begin PBXProject section */
		84E81E862F2E77FA00CB3F2B /* Project object */ = {
			isa = PBXProject;
			attributes = {
				BuildIndependentTargetsInParallel = 1;
				LastSwiftUpdateCheck = 2620;
				LastUpgradeCheck = 2620;
				TargetAttributes = {
					84E81E8D2F2E77FA00CB3F2B = {
						CreatedOnToolsVersion = 26.2;
					};
					84E81E9A2F2E782100CB3F2B = {
						CreatedOnToolsVersion = 26.2;
						TestTargetID = 84E81E8D2F2E77FA00CB3F2B;
					};
					84E81EA42F2E782100CB3F2B = {
						CreatedOnToolsVersion = 26.2;
						TestTargetID = 84E81E8D2F2E77FA00CB3F2B;
					};
				};
			};
			buildConfigurationList = 84E81E892F2E77FA00CB3F2B /* Build configuration list for PBXProject "Turbine" */;
			developmentRegion = en;
			hasScannedForEncodings = 0;
			knownRegions = (
				en,
				Base,
			);
			mainGroup = 84E81E852F2E77FA00CB3F2B;
			minimizedProjectReferenceProxies = 1;
			packageReferences = (
				84E8226C2F34328200CB3F2B /* XCRemoteSwiftPackageReference "SettingsKit" */,
				84E8226F2F3432D600CB3F2B /* XCRemoteSwiftPackageReference "Portal" */,
				84E822762F34331800CB3F2B /* XCRemoteSwiftPackageReference "Loupe" */,
				84E822792F34340800CB3F2B /* XCRemoteSwiftPackageReference "UniversalOverlays" */,
				84E8227C2F34344200CB3F2B /* XCRemoteSwiftPackageReference "AdaptiveDimensions" */,
			);
			preferredProjectObjectVersion = 90;
			productRefGroup = 84E81E8F2F2E77FA00CB3F2B /* Products */;
			projectDirPath = "";
			projectRoot = "";
			targets = (
				84E81E8D2F2E77FA00CB3F2B /* Turbine */,
				84E81E9A2F2E782100CB3F2B /* TurbineTests */,
				84E81EA42F2E782100CB3F2B /* TurbineUITests */,
			);
		};
/* End PBXProject section */

/* Begin PBXResourcesBuildPhase section */
		84E81E8C2F2E77FA00CB3F2B /* Resources */ = {
			isa = PBXResourcesBuildPhase;
			files = (
			);
		};
		84E81E992F2E782100CB3F2B /* Resources */ = {
			isa = PBXResourcesBuildPhase;
			files = (
			);
		};
		84E81EA32F2E782100CB3F2B /* Resources */ = {
			isa = PBXResourcesBuildPhase;
			files = (
			);
		};
/* End PBXResourcesBuildPhase section */

/* Begin PBXSourcesBuildPhase section */
		84E81E8A2F2E77FA00CB3F2B /* Sources */ = {
			isa = PBXSourcesBuildPhase;
			files = (
			);
		};
		84E81E972F2E782100CB3F2B /* Sources */ = {
			isa = PBXSourcesBuildPhase;
			files = (
			);
		};
		84E81EA12F2E782100CB3F2B /* Sources */ = {
			isa = PBXSourcesBuildPhase;
			files = (
			);
		};
/* End PBXSourcesBuildPhase section */

/* Begin PBXTargetDependency section */
		84E81E9D2F2E782100CB3F2B /* PBXTargetDependency */ = {
			isa = PBXTargetDependency;
			target = 84E81E8D2F2E77FA00CB3F2B /* Turbine */;
			targetProxy = 84E81E9C2F2E782100CB3F2B /* PBXContainerItemProxy */;
		};
		84E81EA72F2E782100CB3F2B /* PBXTargetDependency */ = {
			isa = PBXTargetDependency;
			target = 84E81E8D2F2E77FA00CB3F2B /* Turbine */;
			targetProxy = 84E81EA62F2E782100CB3F2B /* PBXContainerItemProxy */;
		};
/* End PBXTargetDependency section */

/* Begin XCBuildConfiguration section */
		84E81EAD2F2E782100CB3F2B /* Debug configuration for PBXProject "Turbine" */ = {
			isa = XCBuildConfiguration;
			buildSettings = {
				ALWAYS_SEARCH_USER_PATHS = NO;
				ASSETCATALOG_COMPILER_GENERATE_SWIFT_ASSET_SYMBOL_EXTENSIONS = YES;
				CLANG_ANALYZER_NONNULL = YES;
				CLANG_ANALYZER_NUMBER_OBJECT_CONVERSION = YES_AGGRESSIVE;
				CLANG_CXX_LANGUAGE_STANDARD = "gnu++20";
				CLANG_ENABLE_MODULES = YES;
				CLANG_ENABLE_OBJC_ARC = YES;
				CLANG_ENABLE_OBJC_WEAK = YES;
				CLANG_WARN_BLOCK_CAPTURE_AUTORELEASING = YES;
				CLANG_WARN_BOOL_CONVERSION = YES;
				CLANG_WARN_COMMA = YES;
				CLANG_WARN_CONSTANT_CONVERSION = YES;
				CLANG_WARN_DEPRECATED_OBJC_IMPLEMENTATIONS = YES;
				CLANG_WARN_DIRECT_OBJC_ISA_USAGE = YES_ERROR;
				CLANG_WARN_DOCUMENTATION_COMMENTS = YES;
				CLANG_WARN_EMPTY_BODY = YES;
				CLANG_WARN_ENUM_CONVERSION = YES;
				CLANG_WARN_INFINITE_RECURSION = YES;
				CLANG_WARN_INT_CONVERSION = YES;
				CLANG_WARN_NON_LITERAL_NULL_CONVERSION = YES;
				CLANG_WARN_OBJC_IMPLICIT_RETAIN_SELF = YES;
				CLANG_WARN_OBJC_LITERAL_CONVERSION = YES;
				CLANG_WARN_OBJC_ROOT_CLASS = YES_ERROR;
				CLANG_WARN_QUOTED_INCLUDE_IN_FRAMEWORK_HEADER = YES;
				CLANG_WARN_RANGE_LOOP_ANALYSIS = YES;
				CLANG_WARN_STRICT_PROTOTYPES = YES;
				CLANG_WARN_SUSPICIOUS_MOVE = YES;
				CLANG_WARN_UNGUARDED_AVAILABILITY = YES_AGGRESSIVE;
				CLANG_WARN_UNREACHABLE_CODE = YES;
				CLANG_WARN__DUPLICATE_METHOD_MATCH = YES;
				COPY_PHASE_STRIP = NO;
				DEBUG_INFORMATION_FORMAT = dwarf;
				DEVELOPMENT_TEAM = 383DQGLZC9;
				ENABLE_STRICT_OBJC_MSGSEND = YES;
				ENABLE_TESTABILITY = YES;
				ENABLE_USER_SCRIPT_SANDBOXING = YES;
				GCC_C_LANGUAGE_STANDARD = gnu17;
				GCC_DYNAMIC_NO_PIC = NO;
				GCC_NO_COMMON_BLOCKS = YES;
				GCC_OPTIMIZATION_LEVEL = 0;
				GCC_PREPROCESSOR_DEFINITIONS = (
					"DEBUG=1",
					"$(inherited)",
				);
				GCC_WARN_64_TO_32_BIT_CONVERSION = YES;
				GCC_WARN_ABOUT_RETURN_TYPE = YES_ERROR;
				GCC_WARN_UNDECLARED_SELECTOR = YES;
				GCC_WARN_UNINITIALIZED_AUTOS = YES_AGGRESSIVE;
				GCC_WARN_UNUSED_FUNCTION = YES;
				GCC_WARN_UNUSED_VARIABLE = YES;
				IPHONEOS_DEPLOYMENT_TARGET = 18.6;
				LOCALIZATION_PREFERS_STRING_CATALOGS = YES;
				MTL_ENABLE_DEBUG_INFO = INCLUDE_SOURCE;
				MTL_FAST_MATH = YES;
				ONLY_ACTIVE_ARCH = YES;
				SDKROOT = iphoneos;
				SWIFT_ACTIVE_COMPILATION_CONDITIONS = "DEBUG $(inherited)";
				SWIFT_OPTIMIZATION_LEVEL = "-Onone";
				SWIFT_VERSION = 6.0;
			};
			name = Debug;
		};
		84E81EAE2F2E782100CB3F2B /* Release configuration for PBXProject "Turbine" */ = {
			isa = XCBuildConfiguration;
			buildSettings = {
				ALWAYS_SEARCH_USER_PATHS = NO;
				ASSETCATALOG_COMPILER_GENERATE_SWIFT_ASSET_SYMBOL_EXTENSIONS = YES;
				CLANG_ANALYZER_NONNULL = YES;
				CLANG_ANALYZER_NUMBER_OBJECT_CONVERSION = YES_AGGRESSIVE;
				CLANG_CXX_LANGUAGE_STANDARD = "gnu++20";
				CLANG_ENABLE_MODULES = YES;
				CLANG_ENABLE_OBJC_ARC = YES;
				CLANG_ENABLE_OBJC_WEAK = YES;
				CLANG_WARN_BLOCK_CAPTURE_AUTORELEASING = YES;
				CLANG_WARN_BOOL_CONVERSION = YES;
				CLANG_WARN_COMMA = YES;
				CLANG_WARN_CONSTANT_CONVERSION = YES;
				CLANG_WARN_DEPRECATED_OBJC_IMPLEMENTATIONS = YES;
				CLANG_WARN_DIRECT_OBJC_ISA_USAGE = YES_ERROR;
				CLANG_WARN_DOCUMENTATION_COMMENTS = YES;
				CLANG_WARN_EMPTY_BODY = YES;
				CLANG_WARN_ENUM_CONVERSION = YES;
				CLANG_WARN_INFINITE_RECURSION = YES;
				CLANG_WARN_INT_CONVERSION = YES;
				CLANG_WARN_NON_LITERAL_NULL_CONVERSION = YES;
				CLANG_WARN_OBJC_IMPLICIT_RETAIN_SELF = YES;
				CLANG_WARN_OBJC_LITERAL_CONVERSION = YES;
				CLANG_WARN_OBJC_ROOT_CLASS = YES_ERROR;
				CLANG_WARN_QUOTED_INCLUDE_IN_FRAMEWORK_HEADER = YES;
				CLANG_WARN_RANGE_LOOP_ANALYSIS = YES;
				CLANG_WARN_STRICT_PROTOTYPES = YES;
				CLANG_WARN_SUSPICIOUS_MOVE = YES;
				CLANG_WARN_UNGUARDED_AVAILABILITY = YES_AGGRESSIVE;
				CLANG_WARN_UNREACHABLE_CODE = YES;
				CLANG_WARN__DUPLICATE_METHOD_MATCH = YES;
				COPY_PHASE_STRIP = NO;
				DEBUG_INFORMATION_FORMAT = "dwarf-with-dsym";
				DEVELOPMENT_TEAM = 383DQGLZC9;
				ENABLE_NS_ASSERTIONS = NO;
				ENABLE_STRICT_OBJC_MSGSEND = YES;
				ENABLE_USER_SCRIPT_SANDBOXING = YES;
				GCC_C_LANGUAGE_STANDARD = gnu17;
				GCC_NO_COMMON_BLOCKS = YES;
				GCC_WARN_64_TO_32_BIT_CONVERSION = YES;
				GCC_WARN_ABOUT_RETURN_TYPE = YES_ERROR;
				GCC_WARN_UNDECLARED_SELECTOR = YES;
				GCC_WARN_UNINITIALIZED_AUTOS = YES_AGGRESSIVE;
				GCC_WARN_UNUSED_FUNCTION = YES;
				GCC_WARN_UNUSED_VARIABLE = YES;
				IPHONEOS_DEPLOYMENT_TARGET = 18.6;
				LOCALIZATION_PREFERS_STRING_CATALOGS = YES;
				MTL_ENABLE_DEBUG_INFO = NO;
				MTL_FAST_MATH = YES;
				SDKROOT = iphoneos;
				SWIFT_COMPILATION_MODE = wholemodule;
				SWIFT_VERSION = 6.0;
				VALIDATE_PRODUCT = YES;
			};
			name = Release;
		};
		84E81EB02F2E782100CB3F2B /* Debug configuration for PBXNativeTarget "Turbine" */ = {
			isa = XCBuildConfiguration;
			buildSettings = {
				ASSETCATALOG_COMPILER_APPICON_NAME = AppIcon;
				ASSETCATALOG_COMPILER_GLOBAL_ACCENT_COLOR_NAME = AccentColor;
				CODE_SIGN_STYLE = Automatic;
				CURRENT_PROJECT_VERSION = 1;
				DEVELOPMENT_TEAM = 383DQGLZC9;
				ENABLE_PREVIEWS = YES;
				GENERATE_INFOPLIST_FILE = YES;
				INFOPLIST_KEY_UIApplicationSceneManifest_Generation = YES;
				INFOPLIST_KEY_UIApplicationSupportsIndirectInputEvents = YES;
				INFOPLIST_KEY_UILaunchScreen_Generation = YES;
				INFOPLIST_KEY_UISupportedInterfaceOrientations_iPad = "UIInterfaceOrientationPortrait UIInterfaceOrientationPortraitUpsideDown UIInterfaceOrientationLandscapeLeft UIInterfaceOrientationLandscapeRight";
				INFOPLIST_KEY_UISupportedInterfaceOrientations_iPhone = "UIInterfaceOrientationPortrait UIInterfaceOrientationLandscapeLeft UIInterfaceOrientationLandscapeRight";
				IPHONEOS_DEPLOYMENT_TARGET = 18.0;
				LD_RUNPATH_SEARCH_PATHS = (
					"$(inherited)",
					"@executable_path/Frameworks",
				);
				MARKETING_VERSION = 1.0;
				PRODUCT_BUNDLE_IDENTIFIER = Showcase.Turbine;
				PRODUCT_NAME = "$(TARGET_NAME)";
				STRING_CATALOG_GENERATE_SYMBOLS = YES;
				SWIFT_APPROACHABLE_CONCURRENCY = YES;
				SWIFT_DEFAULT_ACTOR_ISOLATION = MainActor;
				SWIFT_EMIT_LOC_STRINGS = YES;
				SWIFT_UPCOMING_FEATURE_MEMBER_IMPORT_VISIBILITY = YES;
				SWIFT_VERSION = 6.0;
				TARGETED_DEVICE_FAMILY = "1,2";
			};
			name = Debug;
		};
		84E81EB12F2E782100CB3F2B /* Release configuration for PBXNativeTarget "Turbine" */ = {
			isa = XCBuildConfiguration;
			buildSettings = {
				ASSETCATALOG_COMPILER_APPICON_NAME = AppIcon;
				ASSETCATALOG_COMPILER_GLOBAL_ACCENT_COLOR_NAME = AccentColor;
				CODE_SIGN_STYLE = Automatic;
				CURRENT_PROJECT_VERSION = 1;
				DEVELOPMENT_TEAM = 383DQGLZC9;
				ENABLE_PREVIEWS = YES;
				GENERATE_INFOPLIST_FILE = YES;
				INFOPLIST_KEY_UIApplicationSceneManifest_Generation = YES;
				INFOPLIST_KEY_UIApplicationSupportsIndirectInputEvents = YES;
				INFOPLIST_KEY_UILaunchScreen_Generation = YES;
				INFOPLIST_KEY_UISupportedInterfaceOrientations_iPad = "UIInterfaceOrientationPortrait UIInterfaceOrientationPortraitUpsideDown UIInterfaceOrientationLandscapeLeft UIInterfaceOrientationLandscapeRight";
				INFOPLIST_KEY_UISupportedInterfaceOrientations_iPhone = "UIInterfaceOrientationPortrait UIInterfaceOrientationLandscapeLeft UIInterfaceOrientationLandscapeRight";
				IPHONEOS_DEPLOYMENT_TARGET = 18.0;
				LD_RUNPATH_SEARCH_PATHS = (
					"$(inherited)",
					"@executable_path/Frameworks",
				);
				MARKETING_VERSION = 1.0;
				PRODUCT_BUNDLE_IDENTIFIER = Showcase.Turbine;
				PRODUCT_NAME = "$(TARGET_NAME)";
				STRING_CATALOG_GENERATE_SYMBOLS = YES;
				SWIFT_APPROACHABLE_CONCURRENCY = YES;
				SWIFT_DEFAULT_ACTOR_ISOLATION = MainActor;
				SWIFT_EMIT_LOC_STRINGS = YES;
				SWIFT_UPCOMING_FEATURE_MEMBER_IMPORT_VISIBILITY = YES;
				SWIFT_VERSION = 6.0;
				TARGETED_DEVICE_FAMILY = "1,2";
			};
			name = Release;
		};
		84E81EB32F2E782100CB3F2B /* Debug configuration for PBXNativeTarget "TurbineTests" */ = {
			isa = XCBuildConfiguration;
			buildSettings = {
				BUNDLE_LOADER = "$(TEST_HOST)";
				CODE_SIGN_STYLE = Automatic;
				CURRENT_PROJECT_VERSION = 1;
				DEVELOPMENT_TEAM = 383DQGLZC9;
				GENERATE_INFOPLIST_FILE = YES;
				IPHONEOS_DEPLOYMENT_TARGET = 18.0;
				MARKETING_VERSION = 1.0;
				PRODUCT_BUNDLE_IDENTIFIER = Showcase.TurbineTests;
				PRODUCT_NAME = "$(TARGET_NAME)";
				STRING_CATALOG_GENERATE_SYMBOLS = NO;
				SWIFT_APPROACHABLE_CONCURRENCY = YES;
				SWIFT_EMIT_LOC_STRINGS = NO;
				SWIFT_UPCOMING_FEATURE_MEMBER_IMPORT_VISIBILITY = YES;
				SWIFT_VERSION = 6.0;
				TARGETED_DEVICE_FAMILY = "1,2";
				TEST_HOST = "$(BUILT_PRODUCTS_DIR)/Turbine.app/$(BUNDLE_EXECUTABLE_FOLDER_PATH)/Turbine";
			};
			name = Debug;
		};
		84E81EB42F2E782100CB3F2B /* Release configuration for PBXNativeTarget "TurbineTests" */ = {
			isa = XCBuildConfiguration;
			buildSettings = {
				BUNDLE_LOADER = "$(TEST_HOST)";
				CODE_SIGN_STYLE = Automatic;
				CURRENT_PROJECT_VERSION = 1;
				DEVELOPMENT_TEAM = 383DQGLZC9;
				GENERATE_INFOPLIST_FILE = YES;
				IPHONEOS_DEPLOYMENT_TARGET = 18.0;
				MARKETING_VERSION = 1.0;
				PRODUCT_BUNDLE_IDENTIFIER = Showcase.TurbineTests;
				PRODUCT_NAME = "$(TARGET_NAME)";
				STRING_CATALOG_GENERATE_SYMBOLS = NO;
				SWIFT_APPROACHABLE_CONCURRENCY = YES;
				SWIFT_EMIT_LOC_STRINGS = NO;
				SWIFT_UPCOMING_FEATURE_MEMBER_IMPORT_VISIBILITY = YES;
				SWIFT_VERSION = 6.0;
				TARGETED_DEVICE_FAMILY = "1,2";
				TEST_HOST = "$(BUILT_PRODUCTS_DIR)/Turbine.app/$(BUNDLE_EXECUTABLE_FOLDER_PATH)/Turbine";
			};
			name = Release;
		};
		84E81EB62F2E782100CB3F2B /* Debug configuration for PBXNativeTarget "TurbineUITests" */ = {
			isa = XCBuildConfiguration;
			buildSettings = {
				CODE_SIGN_STYLE = Automatic;
				CURRENT_PROJECT_VERSION = 1;
				DEVELOPMENT_TEAM = 383DQGLZC9;
				GENERATE_INFOPLIST_FILE = YES;
				IPHONEOS_DEPLOYMENT_TARGET = 18.0;
				MARKETING_VERSION = 1.0;
				PRODUCT_BUNDLE_IDENTIFIER = Showcase.TurbineUITests;
				PRODUCT_NAME = "$(TARGET_NAME)";
				STRING_CATALOG_GENERATE_SYMBOLS = NO;
				SWIFT_APPROACHABLE_CONCURRENCY = YES;
				SWIFT_EMIT_LOC_STRINGS = NO;
				SWIFT_UPCOMING_FEATURE_MEMBER_IMPORT_VISIBILITY = YES;
				SWIFT_VERSION = 6.0;
				TARGETED_DEVICE_FAMILY = "1,2";
				TEST_TARGET_NAME = Turbine;
			};
			name = Debug;
		};
		84E81EB72F2E782100CB3F2B /* Release configuration for PBXNativeTarget "TurbineUITests" */ = {
			isa = XCBuildConfiguration;
			buildSettings = {
				CODE_SIGN_STYLE = Automatic;
				CURRENT_PROJECT_VERSION = 1;
				DEVELOPMENT_TEAM = 383DQGLZC9;
				GENERATE_INFOPLIST_FILE = YES;
				IPHONEOS_DEPLOYMENT_TARGET = 18.0;
				MARKETING_VERSION = 1.0;
				PRODUCT_BUNDLE_IDENTIFIER = Showcase.TurbineUITests;
				PRODUCT_NAME = "$(TARGET_NAME)";
				STRING_CATALOG_GENERATE_SYMBOLS = NO;
				SWIFT_APPROACHABLE_CONCURRENCY = YES;
				SWIFT_EMIT_LOC_STRINGS = NO;
				SWIFT_UPCOMING_FEATURE_MEMBER_IMPORT_VISIBILITY = YES;
				SWIFT_VERSION = 6.0;
				TARGETED_DEVICE_FAMILY = "1,2";
				TEST_TARGET_NAME = Turbine;
			};
			name = Release;
		};
/* End XCBuildConfiguration section */

/* Begin XCConfigurationList section */
		84E81E892F2E77FA00CB3F2B /* Build configuration list for PBXProject "Turbine" */ = {
			isa = XCConfigurationList;
			buildConfigurations = (
				84E81EAD2F2E782100CB3F2B /* Debug configuration for PBXProject "Turbine" */,
				84E81EAE2F2E782100CB3F2B /* Release configuration for PBXProject "Turbine" */,
			);
			defaultConfigurationName = Release;
		};
		84E81EAF2F2E782100CB3F2B /* Build configuration list for PBXNativeTarget "Turbine" */ = {
			isa = XCConfigurationList;
			buildConfigurations = (
				84E81EB02F2E782100CB3F2B /* Debug configuration for PBXNativeTarget "Turbine" */,
				84E81EB12F2E782100CB3F2B /* Release configuration for PBXNativeTarget "Turbine" */,
			);
			defaultConfigurationName = Release;
		};
		84E81EB22F2E782100CB3F2B /* Build configuration list for PBXNativeTarget "TurbineTests" */ = {
			isa = XCConfigurationList;
			buildConfigurations = (
				84E81EB32F2E782100CB3F2B /* Debug configuration for PBXNativeTarget "TurbineTests" */,
				84E81EB42F2E782100CB3F2B /* Release configuration for PBXNativeTarget "TurbineTests" */,
			);
			defaultConfigurationName = Release;
		};
		84E81EB52F2E782100CB3F2B /* Build configuration list for PBXNativeTarget "TurbineUITests" */ = {
			isa = XCConfigurationList;
			buildConfigurations = (
				84E81EB62F2E782100CB3F2B /* Debug configuration for PBXNativeTarget "TurbineUITests" */,
				84E81EB72F2E782100CB3F2B /* Release configuration for PBXNativeTarget "TurbineUITests" */,
			);
			defaultConfigurationName = Release;
		};
/* End XCConfigurationList section */

/* Begin XCRemoteSwiftPackageReference section */
		84E8226C2F34328200CB3F2B /* XCRemoteSwiftPackageReference "SettingsKit" */ = {
			isa = XCRemoteSwiftPackageReference;
			repositoryURL = "https://github.com/MalikBraziel/SettingsKit";
			requirement = {
				branch = main;
				kind = branch;
			};
		};
		84E8226F2F3432D600CB3F2B /* XCRemoteSwiftPackageReference "Portal" */ = {
			isa = XCRemoteSwiftPackageReference;
			repositoryURL = "https://github.com/MalikBraziel/Portal";
			requirement = {
				branch = main;
				kind = branch;
			};
		};
		84E822762F34331800CB3F2B /* XCRemoteSwiftPackageReference "Loupe" */ = {
			isa = XCRemoteSwiftPackageReference;
			repositoryURL = "https://github.com/MalikBraziel/Loupe";
			requirement = {
				branch = main;
				kind = branch;
			};
		};
		84E822792F34340800CB3F2B /* XCRemoteSwiftPackageReference "UniversalOverlays" */ = {
			isa = XCRemoteSwiftPackageReference;
			repositoryURL = "https://github.com/MalikBraziel/UniversalOverlays";
			requirement = {
				branch = main;
				kind = branch;
			};
		};
		84E8227C2F34344200CB3F2B /* XCRemoteSwiftPackageReference "AdaptiveDimensions" */ = {
			isa = XCRemoteSwiftPackageReference;
			repositoryURL = "https://github.com/MalikBraziel/AdaptiveDimensions";
			requirement = {
				branch = main;
				kind = branch;
			};
		};
/* End XCRemoteSwiftPackageReference section */

/* Begin XCSwiftPackageProductDependency section */
		84E8226D2F34328200CB3F2B /* SettingsKit */ = {
			isa = XCSwiftPackageProductDependency;
			package = 84E8226C2F34328200CB3F2B /* XCRemoteSwiftPackageReference "SettingsKit" */;
			productName = SettingsKit;
		};
		84E822702F3432D600CB3F2B /* PortalHeaders */ = {
			isa = XCSwiftPackageProductDependency;
			package = 84E8226F2F3432D600CB3F2B /* XCRemoteSwiftPackageReference "Portal" */;
			productName = PortalHeaders;
		};
		84E822722F3432D600CB3F2B /* PortalTransitions */ = {
			isa = XCSwiftPackageProductDependency;
			package = 84E8226F2F3432D600CB3F2B /* XCRemoteSwiftPackageReference "Portal" */;
			productName = PortalTransitions;
		};
		84E822742F3432D600CB3F2B /* _PortalPrivate */ = {
			isa = XCSwiftPackageProductDependency;
			package = 84E8226F2F3432D600CB3F2B /* XCRemoteSwiftPackageReference "Portal" */;
			productName = _PortalPrivate;
		};
		84E822772F34331800CB3F2B /* Loupe */ = {
			isa = XCSwiftPackageProductDependency;
			package = 84E822762F34331800CB3F2B /* XCRemoteSwiftPackageReference "Loupe" */;
			productName = Loupe;
		};
		84E8227A2F34340800CB3F2B /* UniversalOverlays */ = {
			isa = XCSwiftPackageProductDependency;
			package = 84E822792F34340800CB3F2B /* XCRemoteSwiftPackageReference "UniversalOverlays" */;
			productName = UniversalOverlays;
		};
		84E8227D2F34344200CB3F2B /* AdaptiveDimensions */ = {
			isa = XCSwiftPackageProductDependency;
			package = 84E8227C2F34344200CB3F2B /* XCRemoteSwiftPackageReference "AdaptiveDimensions" */;
			productName = AdaptiveDimensions;
		};
/* End XCSwiftPackageProductDependency section */
	};
	rootObject = 84E81E862F2E77FA00CB3F2B /* Project object */;
}
